
Microsoft Visual Studio Solution File, Format Version 12.00
# Visual Studio 15
VisualStudioVersion = 15.0.27428.2002
MinimumVisualStudioVersion = 10.0.40219.1
Project("{FAE04EC0-301F-11D3-BF4B-00C04F79EFBC}") = "SsrsSoap", "SsrsSoap\SsrsSoap.csproj", "{C1731564-19E3-4EE4-8B12-CB27AD883278}"
EndProject
Global
	GlobalSection(SolutionConfigurationPlatforms) = preSolution
		Debug|Any CPU = Debug|Any CPU
		Release|Any CPU = Release|Any CPU
	EndGlobalSection
	GlobalSection(ProjectConfigurationPlatforms) = postSolution
		{C1731564-19E3-4EE4-8B12-CB27AD883278}.Debug|Any CPU.ActiveCfg = Debug|Any CPU
		{C1731564-19E3-4EE4-8B12-CB27AD883278}.Debug|Any CPU.Build.0 = Debug|Any CPU
		{C1731564-19E3-4EE4-8B12-CB27AD883278}.Release|Any CPU.ActiveCfg = Release|Any CPU
		{C1731564-19E3-4EE4-8B12-CB27AD883278}.Release|Any CPU.Build.0 = Release|Any CPU
	EndGlobalSection
	GlobalSection(SolutionProperties) = preSolution
		HideSolutionNode = FALSE
	EndGlobalSection
	GlobalSection(ExtensibilityGlobals) = postSolution
		SolutionGuid = {7786FDF2-B7BD-41E9-B909-95DE1566D456}
	EndGlobalSection
EndGlobal
